PODS:
  - SwiftLint (0.51.0)
  - TFSChatTransport (2.0.0)

DEPENDENCIES:
  - SwiftLint
  - TFSChatTransport

SPEC REPOS:
  trunk:
    - SwiftLint
    - TFSChatTransport

SPEC CHECKSUMS:
  SwiftLint: 1b7561918a19e23bfed960e40759086e70f4dba5
  TFSChatTransport: cf46b995b63ee7643d7b6528094f3c13129140e1

PODFILE CHECKSUM: 9561b4868d90fe0472aaf28a062c498cc897b0c5

COCOAPODS: 1.12.0
