// !$*UTF8*$!
{
	archiveVersion = 1;
	classes = {
	};
	objectVersion = 56;
	objects = {

/* Begin PBXBuildFile section */
		5E058E4029EACF9900D470D0 /* MessageNetworkModel.swift in Sources */ = {isa = PBXBuildFile; fileRef = 5E058E3F29EACF9900D470D0 /* MessageNetworkModel.swift */; };
		5E058E4229EACFA400D470D0 /* ChannelNetworkModel.swift in Sources */ = {isa = PBXBuildFile; fileRef = 5E058E4129EACFA400D470D0 /* ChannelNetworkModel.swift */; };
		5E08ADC329A16B10004510A6 /* ProfileViewController.swift in Sources */ = {isa = PBXBuildFile; fileRef = 5E08ADC229A16B10004510A6 /* ProfileViewController.swift */; };
		5E2033B829E17D1E0014B1CC /* CoreDataService.swift in Sources */ = {isa = PBXBuildFile; fileRef = 5E2033B729E17D1E0014B1CC /* CoreDataService.swift */; };
		5E2033BB29E17E940014B1CC /* Chat.xcdatamodeld in Sources */ = {isa = PBXBuildFile; fileRef = 5E2033B929E17E940014B1CC /* Chat.xcdatamodeld */; };
		5E2C6D9929E89F5500D27C70 /* SameIncomingChannelViewCell.swift in Sources */ = {isa = PBXBuildFile; fileRef = 5E2C6D9829E89F5500D27C70 /* SameIncomingChannelViewCell.swift */; };
		5E42B9D629C24FF700F472D1 /* MessageModel.swift in Sources */ = {isa = PBXBuildFile; fileRef = 5E42B9D529C24FF700F472D1 /* MessageModel.swift */; };
		5E42B9D829C2502900F472D1 /* ChannelModel.swift in Sources */ = {isa = PBXBuildFile; fileRef = 5E42B9D729C2502900F472D1 /* ChannelModel.swift */; };
		5E74BCB429A8DCA3009236A1 /* ChooseSourceAlertController.swift in Sources */ = {isa = PBXBuildFile; fileRef = 5E74BCB329A8DCA3009236A1 /* ChooseSourceAlertController.swift */; };
		5E74BCB629A8E438009236A1 /* PhotoPickerController.swift in Sources */ = {isa = PBXBuildFile; fileRef = 5E74BCB529A8E438009236A1 /* PhotoPickerController.swift */; };
		5E834B9129E61D2E006215AE /* Logger.swift in Sources */ = {isa = PBXBuildFile; fileRef = 5E834B9029E61D2E006215AE /* Logger.swift */; };
		5E92E9E029B2A7570038EED2 /* Router.swift in Sources */ = {isa = PBXBuildFile; fileRef = 5E92E9DF29B2A7570038EED2 /* Router.swift */; };
		5E92E9E229B33C900038EED2 /* ModuleBuilder.swift in Sources */ = {isa = PBXBuildFile; fileRef = 5E92E9E129B33C900038EED2 /* ModuleBuilder.swift */; };
		5E92E9E629B4B4C60038EED2 /* ChannelsListCell.swift in Sources */ = {isa = PBXBuildFile; fileRef = 5E92E9E529B4B4C60038EED2 /* ChannelsListCell.swift */; };
		5E92E9EF29B6939F0038EED2 /* ChannelViewController.swift in Sources */ = {isa = PBXBuildFile; fileRef = 5E92E9EE29B6939F0038EED2 /* ChannelViewController.swift */; };
		5E92E9F229B72B930038EED2 /* ChannelInteractor.swift in Sources */ = {isa = PBXBuildFile; fileRef = 5E92E9F129B72B930038EED2 /* ChannelInteractor.swift */; };
		5E92E9F429B72B9F0038EED2 /* ChannelPresenter.swift in Sources */ = {isa = PBXBuildFile; fileRef = 5E92E9F329B72B9F0038EED2 /* ChannelPresenter.swift */; };
		5E92E9F629B72C6E0038EED2 /* IncomingConversationViewCell.swift in Sources */ = {isa = PBXBuildFile; fileRef = 5E92E9F529B72C6E0038EED2 /* IncomingConversationViewCell.swift */; };
		5E97BF3029BCEB61003BBA1B /* ThemesViewController.swift in Sources */ = {isa = PBXBuildFile; fileRef = 5E97BF2F29BCEB61003BBA1B /* ThemesViewController.swift */; };
		5E97BF3729BE33B3003BBA1B /* UIViewExtension.swift in Sources */ = {isa = PBXBuildFile; fileRef = 5E97BF3629BE33B3003BBA1B /* UIViewExtension.swift */; };
		5E97BF3D29BE8542003BBA1B /* OutgoingConversationViewCell.swift in Sources */ = {isa = PBXBuildFile; fileRef = 5E97BF3C29BE8542003BBA1B /* OutgoingConversationViewCell.swift */; };
		5E9F20CA29C861140027EAFE /* DataManager.swift in Sources */ = {isa = PBXBuildFile; fileRef = 5E9F20C929C861140027EAFE /* DataManager.swift */; };
		5EB6218329AB609700029FB8 /* ProfilePresenter.swift in Sources */ = {isa = PBXBuildFile; fileRef = 5EB6218229AB609700029FB8 /* ProfilePresenter.swift */; };
		5EB6218529AB60A400029FB8 /* ProfileInteractor.swift in Sources */ = {isa = PBXBuildFile; fileRef = 5EB6218429AB60A400029FB8 /* ProfileInteractor.swift */; };
		5EB6218B29AB683B00029FB8 /* ProfileModel.swift in Sources */ = {isa = PBXBuildFile; fileRef = 5EB6218A29AB683B00029FB8 /* ProfileModel.swift */; };
		5EB6218D29AB6FE800029FB8 /* ChannelsListInteractor.swift in Sources */ = {isa = PBXBuildFile; fileRef = 5EB6218C29AB6FE800029FB8 /* ChannelsListInteractor.swift */; };
		5EB6218F29AB6FF100029FB8 /* ChannelsListPresenter.swift in Sources */ = {isa = PBXBuildFile; fileRef = 5EB6218E29AB6FF100029FB8 /* ChannelsListPresenter.swift */; };
		5EB624B029C0CAD7006D19B2 /* ThemeService.swift in Sources */ = {isa = PBXBuildFile; fileRef = 5EB624AF29C0CAD7006D19B2 /* ThemeService.swift */; };
		5EB624B229C0CB44006D19B2 /* Theme.swift in Sources */ = {isa = PBXBuildFile; fileRef = 5EB624B129C0CB44006D19B2 /* Theme.swift */; };
		5EC4498B29C3BF8A00D6C51C /* UIImageExtension.swift in Sources */ = {isa = PBXBuildFile; fileRef = 5EC4498A29C3BF8A00D6C51C /* UIImageExtension.swift */; };
		5ECA720429D3858E0049E635 /* ErrorExtension.swift in Sources */ = {isa = PBXBuildFile; fileRef = 5ECA720329D3858E0049E635 /* ErrorExtension.swift */; };
		5EDC6593299ECEAD009B6586 /* AppDelegate.swift in Sources */ = {isa = PBXBuildFile; fileRef = 5EDC6592299ECEAD009B6586 /* AppDelegate.swift */; };
		5EDC6597299ECEAD009B6586 /* ChannelsListViewController.swift in Sources */ = {isa = PBXBuildFile; fileRef = 5EDC6596299ECEAD009B6586 /* ChannelsListViewController.swift */; };
		5EDC659C299ECEAE009B6586 /* Assets.xcassets in Resources */ = {isa = PBXBuildFile; fileRef = 5EDC659B299ECEAE009B6586 /* Assets.xcassets */; };
		5EDC659F299ECEAE009B6586 /* LaunchScreen.storyboard in Resources */ = {isa = PBXBuildFile; fileRef = 5EDC659D299ECEAE009B6586 /* LaunchScreen.storyboard */; };
		7E6511308FA73CE06B8C42DE /* Pods_ChatTFS.framework in Frameworks */ = {isa = PBXBuildFile; fileRef = 974DCC7B09B01B87052BB6BF /* Pods_ChatTFS.framework */; };
/* End PBXBuildFile section */

/* Begin PBXFileReference section */
		4BB014E7FA9EFDF47E2C004A /* Pods-ChatTFS.release.xcconfig */ = {isa = PBXFileReference; includeInIndex = 1; lastKnownFileType = text.xcconfig; name = "Pods-ChatTFS.release.xcconfig"; path = "Target Support Files/Pods-ChatTFS/Pods-ChatTFS.release.xcconfig"; sourceTree = "<group>"; };
		4CE4628B252E8DEB6B3EB225 /* Pods-ChatTFS.debug.xcconfig */ = {isa = PBXFileReference; includeInIndex = 1; lastKnownFileType = text.xcconfig; name = "Pods-ChatTFS.debug.xcconfig"; path = "Target Support Files/Pods-ChatTFS/Pods-ChatTFS.debug.xcconfig"; sourceTree = "<group>"; };
		5E058E3F29EACF9900D470D0 /* MessageNetworkModel.swift */ = {isa = PBXFileReference; lastKnownFileType = sourcecode.swift; path = MessageNetworkModel.swift; sourceTree = "<group>"; };
		5E058E4129EACFA400D470D0 /* ChannelNetworkModel.swift */ = {isa = PBXFileReference; lastKnownFileType = sourcecode.swift; path = ChannelNetworkModel.swift; sourceTree = "<group>"; };
		5E08ADC229A16B10004510A6 /* ProfileViewController.swift */ = {isa = PBXFileReference; lastKnownFileType = sourcecode.swift; path = ProfileViewController.swift; sourceTree = "<group>"; };
		5E2033B729E17D1E0014B1CC /* CoreDataService.swift */ = {isa = PBXFileReference; lastKnownFileType = sourcecode.swift; path = CoreDataService.swift; sourceTree = "<group>"; };
		5E2033BA29E17E940014B1CC /* Chat.xcdatamodel */ = {isa = PBXFileReference; lastKnownFileType = wrapper.xcdatamodel; path = Chat.xcdatamodel; sourceTree = "<group>"; };
		5E2C6D9829E89F5500D27C70 /* SameIncomingChannelViewCell.swift */ = {isa = PBXFileReference; lastKnownFileType = sourcecode.swift; path = SameIncomingChannelViewCell.swift; sourceTree = "<group>"; };
		5E42B9D529C24FF700F472D1 /* MessageModel.swift */ = {isa = PBXFileReference; lastKnownFileType = sourcecode.swift; path = MessageModel.swift; sourceTree = "<group>"; };
		5E42B9D729C2502900F472D1 /* ChannelModel.swift */ = {isa = PBXFileReference; lastKnownFileType = sourcecode.swift; path = ChannelModel.swift; sourceTree = "<group>"; };
		5E74BCB329A8DCA3009236A1 /* ChooseSourceAlertController.swift */ = {isa = PBXFileReference; lastKnownFileType = sourcecode.swift; path = ChooseSourceAlertController.swift; sourceTree = "<group>"; };
		5E74BCB529A8E438009236A1 /* PhotoPickerController.swift */ = {isa = PBXFileReference; lastKnownFileType = sourcecode.swift; path = PhotoPickerController.swift; sourceTree = "<group>"; };
		5E834B9029E61D2E006215AE /* Logger.swift */ = {isa = PBXFileReference; lastKnownFileType = sourcecode.swift; path = Logger.swift; sourceTree = "<group>"; };
		5E92E9DF29B2A7570038EED2 /* Router.swift */ = {isa = PBXFileReference; lastKnownFileType = sourcecode.swift; path = Router.swift; sourceTree = "<group>"; };
		5E92E9E129B33C900038EED2 /* ModuleBuilder.swift */ = {isa = PBXFileReference; lastKnownFileType = sourcecode.swift; path = ModuleBuilder.swift; sourceTree = "<group>"; };
		5E92E9E529B4B4C60038EED2 /* ChannelsListCell.swift */ = {isa = PBXFileReference; lastKnownFileType = sourcecode.swift; path = ChannelsListCell.swift; sourceTree = "<group>"; };
		5E92E9EE29B6939F0038EED2 /* ChannelViewController.swift */ = {isa = PBXFileReference; lastKnownFileType = sourcecode.swift; path = ChannelViewController.swift; sourceTree = "<group>"; };
		5E92E9F129B72B930038EED2 /* ChannelInteractor.swift */ = {isa = PBXFileReference; lastKnownFileType = sourcecode.swift; path = ChannelInteractor.swift; sourceTree = "<group>"; };
		5E92E9F329B72B9F0038EED2 /* ChannelPresenter.swift */ = {isa = PBXFileReference; lastKnownFileType = sourcecode.swift; path = ChannelPresenter.swift; sourceTree = "<group>"; };
		5E92E9F529B72C6E0038EED2 /* IncomingConversationViewCell.swift */ = {isa = PBXFileReference; lastKnownFileType = sourcecode.swift; path = IncomingConversationViewCell.swift; sourceTree = "<group>"; };
		5E97BF2F29BCEB61003BBA1B /* ThemesViewController.swift */ = {isa = PBXFileReference; lastKnownFileType = sourcecode.swift; path = ThemesViewController.swift; sourceTree = "<group>"; };
		5E97BF3629BE33B3003BBA1B /* UIViewExtension.swift */ = {isa = PBXFileReference; lastKnownFileType = sourcecode.swift; path = UIViewExtension.swift; sourceTree = "<group>"; };
		5E97BF3C29BE8542003BBA1B /* OutgoingConversationViewCell.swift */ = {isa = PBXFileReference; lastKnownFileType = sourcecode.swift; path = OutgoingConversationViewCell.swift; sourceTree = "<group>"; };
		5E9F20C929C861140027EAFE /* DataManager.swift */ = {isa = PBXFileReference; lastKnownFileType = sourcecode.swift; path = DataManager.swift; sourceTree = "<group>"; };
		5EB6218229AB609700029FB8 /* ProfilePresenter.swift */ = {isa = PBXFileReference; lastKnownFileType = sourcecode.swift; path = ProfilePresenter.swift; sourceTree = "<group>"; };
		5EB6218429AB60A400029FB8 /* ProfileInteractor.swift */ = {isa = PBXFileReference; lastKnownFileType = sourcecode.swift; path = ProfileInteractor.swift; sourceTree = "<group>"; };
		5EB6218A29AB683B00029FB8 /* ProfileModel.swift */ = {isa = PBXFileReference; lastKnownFileType = sourcecode.swift; path = ProfileModel.swift; sourceTree = "<group>"; };
		5EB6218C29AB6FE800029FB8 /* ChannelsListInteractor.swift */ = {isa = PBXFileReference; lastKnownFileType = sourcecode.swift; path = ChannelsListInteractor.swift; sourceTree = "<group>"; };
		5EB6218E29AB6FF100029FB8 /* ChannelsListPresenter.swift */ = {isa = PBXFileReference; lastKnownFileType = sourcecode.swift; path = ChannelsListPresenter.swift; sourceTree = "<group>"; };
		5EB624AF29C0CAD7006D19B2 /* ThemeService.swift */ = {isa = PBXFileReference; lastKnownFileType = sourcecode.swift; path = ThemeService.swift; sourceTree = "<group>"; };
		5EB624B129C0CB44006D19B2 /* Theme.swift */ = {isa = PBXFileReference; lastKnownFileType = sourcecode.swift; path = Theme.swift; sourceTree = "<group>"; };
		5EC4498A29C3BF8A00D6C51C /* UIImageExtension.swift */ = {isa = PBXFileReference; lastKnownFileType = sourcecode.swift; path = UIImageExtension.swift; sourceTree = "<group>"; };
		5ECA720329D3858E0049E635 /* ErrorExtension.swift */ = {isa = PBXFileReference; lastKnownFileType = sourcecode.swift; path = ErrorExtension.swift; sourceTree = "<group>"; };
		5EDC658F299ECEAD009B6586 /* ChatTFS.app */ = {isa = PBXFileReference; explicitFileType = wrapper.application; includeInIndex = 0; path = ChatTFS.app; sourceTree = BUILT_PRODUCTS_DIR; };
		5EDC6592299ECEAD009B6586 /* AppDelegate.swift */ = {isa = PBXFileReference; lastKnownFileType = sourcecode.swift; path = AppDelegate.swift; sourceTree = "<group>"; };
		5EDC6596299ECEAD009B6586 /* ChannelsListViewController.swift */ = {isa = PBXFileReference; lastKnownFileType = sourcecode.swift; path = ChannelsListViewController.swift; sourceTree = "<group>"; };
		5EDC659B299ECEAE009B6586 /* Assets.xcassets */ = {isa = PBXFileReference; lastKnownFileType = folder.assetcatalog; path = Assets.xcassets; sourceTree = "<group>"; };
		5EDC659E299ECEAE009B6586 /* Base */ = {isa = PBXFileReference; lastKnownFileType = file.storyboard; name = Base; path = Base.lproj/LaunchScreen.storyboard; sourceTree = "<group>"; };
		5EDC65A0299ECEAE009B6586 /* Info.plist */ = {isa = PBXFileReference; lastKnownFileType = text.plist.xml; path = Info.plist; sourceTree = "<group>"; };
		974DCC7B09B01B87052BB6BF /* Pods_ChatTFS.framework */ = {isa = PBXFileReference; explicitFileType = wrapper.framework; includeInIndex = 0; path = Pods_ChatTFS.framework; sourceTree = BUILT_PRODUCTS_DIR; };
/* End PBXFileReference section */

/* Begin PBXFrameworksBuildPhase section */
		5EDC658C299ECEAD009B6586 /* Frameworks */ = {
			isa = PBXFrameworksBuildPhase;
			buildActionMask = 2147483647;
			files = (
				7E6511308FA73CE06B8C42DE /* Pods_ChatTFS.framework in Frameworks */,
			);
			runOnlyForDeploymentPostprocessing = 0;
		};
/* End PBXFrameworksBuildPhase section */

/* Begin PBXGroup section */
		127713064A46FE04810C7ACD /* Pods */ = {
			isa = PBXGroup;
			children = (
				4CE4628B252E8DEB6B3EB225 /* Pods-ChatTFS.debug.xcconfig */,
				4BB014E7FA9EFDF47E2C004A /* Pods-ChatTFS.release.xcconfig */,
			);
			path = Pods;
			sourceTree = "<group>";
		};
		4F17F2D75BB6B372BE8AA2C0 /* Frameworks */ = {
			isa = PBXGroup;
			children = (
				974DCC7B09B01B87052BB6BF /* Pods_ChatTFS.framework */,
			);
			name = Frameworks;
			sourceTree = "<group>";
		};
		5E058E4329EACFE900D470D0 /* NetworkModels */ = {
			isa = PBXGroup;
			children = (
				5E058E3F29EACF9900D470D0 /* MessageNetworkModel.swift */,
				5E058E4129EACFA400D470D0 /* ChannelNetworkModel.swift */,
			);
			path = NetworkModels;
			sourceTree = "<group>";
		};
		5E08ADC029A16ADA004510A6 /* Application */ = {
			isa = PBXGroup;
			children = (
				5EDC6592299ECEAD009B6586 /* AppDelegate.swift */,
				5E92E9E129B33C900038EED2 /* ModuleBuilder.swift */,
				5E92E9DF29B2A7570038EED2 /* Router.swift */,
			);
			path = Application;
			sourceTree = "<group>";
		};
		5E42B9D429C24FE800F472D1 /* Models */ = {
			isa = PBXGroup;
			children = (
				5E42B9D729C2502900F472D1 /* ChannelModel.swift */,
				5E42B9D529C24FF700F472D1 /* MessageModel.swift */,
				5EB6218A29AB683B00029FB8 /* ProfileModel.swift */,
				5E058E4329EACFE900D470D0 /* NetworkModels */,
			);
			path = Models;
			sourceTree = "<group>";
		};
		5E86E6A829D90C25008D047B /* PhotoChoose */ = {
			isa = PBXGroup;
			children = (
				5E74BCB329A8DCA3009236A1 /* ChooseSourceAlertController.swift */,
				5E74BCB529A8E438009236A1 /* PhotoPickerController.swift */,
			);
			path = PhotoChoose;
			sourceTree = "<group>";
		};
		5E92E9F029B693A80038EED2 /* Channel */ = {
			isa = PBXGroup;
			children = (
				5E92E9F929B7CC3F0038EED2 /* ChannelView */,
				5E92E9EE29B6939F0038EED2 /* ChannelViewController.swift */,
				5E92E9F129B72B930038EED2 /* ChannelInteractor.swift */,
				5E92E9F329B72B9F0038EED2 /* ChannelPresenter.swift */,
			);
			path = Channel;
			sourceTree = "<group>";
		};
		5E92E9F929B7CC3F0038EED2 /* ChannelView */ = {
			isa = PBXGroup;
			children = (
				5E92E9F529B72C6E0038EED2 /* IncomingConversationViewCell.swift */,
				5E2C6D9829E89F5500D27C70 /* SameIncomingChannelViewCell.swift */,
				5E97BF3C29BE8542003BBA1B /* OutgoingConversationViewCell.swift */,
			);
			path = ChannelView;
			sourceTree = "<group>";
		};
		5E97BF3529BE3397003BBA1B /* Extension */ = {
			isa = PBXGroup;
			children = (
				5E97BF3629BE33B3003BBA1B /* UIViewExtension.swift */,
				5EC4498A29C3BF8A00D6C51C /* UIImageExtension.swift */,
				5ECA720329D3858E0049E635 /* ErrorExtension.swift */,
			);
			path = Extension;
			sourceTree = "<group>";
		};
		5EB6218029AB600500029FB8 /* ChannelsList */ = {
			isa = PBXGroup;
			children = (
				5E92E9E529B4B4C60038EED2 /* ChannelsListCell.swift */,
				5EDC6596299ECEAD009B6586 /* ChannelsListViewController.swift */,
				5EB6218C29AB6FE800029FB8 /* ChannelsListInteractor.swift */,
				5EB6218E29AB6FF100029FB8 /* ChannelsListPresenter.swift */,
			);
			path = ChannelsList;
			sourceTree = "<group>";
		};
		5EB6218129AB601B00029FB8 /* Profile */ = {
			isa = PBXGroup;
			children = (
				5E08ADC229A16B10004510A6 /* ProfileViewController.swift */,
				5EB6218429AB60A400029FB8 /* ProfileInteractor.swift */,
				5EB6218229AB609700029FB8 /* ProfilePresenter.swift */,
			);
			path = Profile;
			sourceTree = "<group>";
		};
		5EB621A029ABBA6700029FB8 /* Services */ = {
			isa = PBXGroup;
			children = (
				5E9F20C929C861140027EAFE /* DataManager.swift */,
				5E2033B729E17D1E0014B1CC /* CoreDataService.swift */,
				5E86E6A829D90C25008D047B /* PhotoChoose */,
				5EC1749C29CE296B00F1ADA8 /* ThemeService */,
				5E834B9029E61D2E006215AE /* Logger.swift */,
			);
			path = Services;
			sourceTree = "<group>";
		};
		5EC1749C29CE296B00F1ADA8 /* ThemeService */ = {
			isa = PBXGroup;
			children = (
				5E97BF2F29BCEB61003BBA1B /* ThemesViewController.swift */,
				5EB624AF29C0CAD7006D19B2 /* ThemeService.swift */,
				5EB624B129C0CB44006D19B2 /* Theme.swift */,
			);
			path = ThemeService;
			sourceTree = "<group>";
		};
		5EDC6586299ECEAD009B6586 = {
			isa = PBXGroup;
			children = (
				5EDC6591299ECEAD009B6586 /* ChatTFS */,
				5EDC6590299ECEAD009B6586 /* Products */,
				127713064A46FE04810C7ACD /* Pods */,
				4F17F2D75BB6B372BE8AA2C0 /* Frameworks */,
			);
			sourceTree = "<group>";
		};
		5EDC6590299ECEAD009B6586 /* Products */ = {
			isa = PBXGroup;
			children = (
				5EDC658F299ECEAD009B6586 /* ChatTFS.app */,
			);
			name = Products;
			sourceTree = "<group>";
		};
		5EDC6591299ECEAD009B6586 /* ChatTFS */ = {
			isa = PBXGroup;
			children = (
				5E08ADC029A16ADA004510A6 /* Application */,
				5EB6218029AB600500029FB8 /* ChannelsList */,
				5E92E9F029B693A80038EED2 /* Channel */,
				5EB6218129AB601B00029FB8 /* Profile */,
				5E42B9D429C24FE800F472D1 /* Models */,
				5EB621A029ABBA6700029FB8 /* Services */,
				5E97BF3529BE3397003BBA1B /* Extension */,
				5EDC65A6299EE2C3009B6586 /* Resources */,
			);
			path = ChatTFS;
			sourceTree = "<group>";
		};
		5EDC65A6299EE2C3009B6586 /* Resources */ = {
			isa = PBXGroup;
			children = (
				5EDC659B299ECEAE009B6586 /* Assets.xcassets */,
				5EDC659D299ECEAE009B6586 /* LaunchScreen.storyboard */,
				5EDC65A0299ECEAE009B6586 /* Info.plist */,
				5E2033B929E17E940014B1CC /* Chat.xcdatamodeld */,
			);
			path = Resources;
			sourceTree = "<group>";
		};
/* End PBXGroup section */

/* Begin PBXNativeTarget section */
		5EDC658E299ECEAD009B6586 /* ChatTFS */ = {
			isa = PBXNativeTarget;
			buildConfigurationList = 5EDC65A3299ECEAE009B6586 /* Build configuration list for PBXNativeTarget "ChatTFS" */;
			buildPhases = (
				A16DE6CD05AAA2CA47DE8E03 /* [CP] Check Pods Manifest.lock */,
				5EDC658B299ECEAD009B6586 /* Sources */,
				5EDC658C299ECEAD009B6586 /* Frameworks */,
				5EDC658D299ECEAD009B6586 /* Resources */,
				5E46A2D929D77183001F13AD /* ShellScript */,
				8CCB5892648718628C7D15B3 /* [CP] Embed Pods Frameworks */,
			);
			buildRules = (
			);
			dependencies = (
			);
			name = ChatTFS;
			productName = ChatTFS;
			productReference = 5EDC658F299ECEAD009B6586 /* ChatTFS.app */;
			productType = "com.apple.product-type.application";
		};
/* End PBXNativeTarget section */

/* Begin PBXProject section */
		5EDC6587299ECEAD009B6586 /* Project object */ = {
			isa = PBXProject;
			attributes = {
				BuildIndependentTargetsInParallel = 1;
				LastSwiftUpdateCheck = 1420;
				LastUpgradeCheck = 1420;
				TargetAttributes = {
					5EDC658E299ECEAD009B6586 = {
						CreatedOnToolsVersion = 14.2;
					};
				};
			};
			buildConfigurationList = 5EDC658A299ECEAD009B6586 /* Build configuration list for PBXProject "ChatTFS" */;
			compatibilityVersion = "Xcode 14.0";
			developmentRegion = en;
			hasScannedForEncodings = 0;
			knownRegions = (
				en,
				Base,
			);
			mainGroup = 5EDC6586299ECEAD009B6586;
			productRefGroup = 5EDC6590299ECEAD009B6586 /* Products */;
			projectDirPath = "";
			projectRoot = "";
			targets = (
				5EDC658E299ECEAD009B6586 /* ChatTFS */,
			);
		};
/* End PBXProject section */

/* Begin PBXResourcesBuildPhase section */
		5EDC658D299ECEAD009B6586 /* Resources */ = {
			isa = PBXResourcesBuildPhase;
			buildActionMask = 2147483647;
			files = (
				5EDC659F299ECEAE009B6586 /* LaunchScreen.storyboard in Resources */,
				5EDC659C299ECEAE009B6586 /* Assets.xcassets in Resources */,
			);
			runOnlyForDeploymentPostprocessing = 0;
		};
/* End PBXResourcesBuildPhase section */

/* Begin PBXShellScriptBuildPhase section */
		5E46A2D929D77183001F13AD /* ShellScript */ = {
			isa = PBXShellScriptBuildPhase;
			alwaysOutOfDate = 1;
			buildActionMask = 12;
			files = (
			);
			inputFileListPaths = (
			);
			inputPaths = (
			);
			outputFileListPaths = (
			);
			outputPaths = (
			);
			runOnlyForDeploymentPostprocessing = 0;
			shellPath = /bin/sh;
			shellScript = "${PODS_ROOT}/SwiftLint/swiftlint\n";
		};
		8CCB5892648718628C7D15B3 /* [CP] Embed Pods Frameworks */ = {
			isa = PBXShellScriptBuildPhase;
			buildActionMask = 2147483647;
			files = (
			);
			inputFileListPaths = (
				"${PODS_ROOT}/Target Support Files/Pods-ChatTFS/Pods-ChatTFS-frameworks-${CONFIGURATION}-input-files.xcfilelist",
			);
			name = "[CP] Embed Pods Frameworks";
			outputFileListPaths = (
				"${PODS_ROOT}/Target Support Files/Pods-ChatTFS/Pods-ChatTFS-frameworks-${CONFIGURATION}-output-files.xcfilelist",
			);
			runOnlyForDeploymentPostprocessing = 0;
			shellPath = /bin/sh;
			shellScript = "\"${PODS_ROOT}/Target Support Files/Pods-ChatTFS/Pods-ChatTFS-frameworks.sh\"\n";
			showEnvVarsInLog = 0;
		};
		A16DE6CD05AAA2CA47DE8E03 /* [CP] Check Pods Manifest.lock */ = {
			isa = PBXShellScriptBuildPhase;
			buildActionMask = 2147483647;
			files = (
			);
			inputFileListPaths = (
			);
			inputPaths = (
				"${PODS_PODFILE_DIR_PATH}/Podfile.lock",
				"${PODS_ROOT}/Manifest.lock",
			);
			name = "[CP] Check Pods Manifest.lock";
			outputFileListPaths = (
			);
			outputPaths = (
				"$(DERIVED_FILE_DIR)/Pods-ChatTFS-checkManifestLockResult.txt",
			);
			runOnlyForDeploymentPostprocessing = 0;
			shellPath = /bin/sh;
			shellScript = "diff \"${PODS_PODFILE_DIR_PATH}/Podfile.lock\" \"${PODS_ROOT}/Manifest.lock\" > /dev/null\nif [ $? != 0 ] ; then\n    # print error to STDERR\n    echo \"error: The sandbox is not in sync with the Podfile.lock. Run 'pod install' or update your CocoaPods installation.\" >&2\n    exit 1\nfi\n# This output is used by Xcode 'outputs' to avoid re-running this script phase.\necho \"SUCCESS\" > \"${SCRIPT_OUTPUT_FILE_0}\"\n";
			showEnvVarsInLog = 0;
		};
/* End PBXShellScriptBuildPhase section */

/* Begin PBXSourcesBuildPhase section */
		5EDC658B299ECEAD009B6586 /* Sources */ = {
			isa = PBXSourcesBuildPhase;
			buildActionMask = 2147483647;
			files = (
				5EB624B029C0CAD7006D19B2 /* ThemeService.swift in Sources */,
				5E92E9E629B4B4C60038EED2 /* ChannelsListCell.swift in Sources */,
				5E9F20CA29C861140027EAFE /* DataManager.swift in Sources */,
				5EB6218B29AB683B00029FB8 /* ProfileModel.swift in Sources */,
				5ECA720429D3858E0049E635 /* ErrorExtension.swift in Sources */,
				5E97BF3729BE33B3003BBA1B /* UIViewExtension.swift in Sources */,
				5EC4498B29C3BF8A00D6C51C /* UIImageExtension.swift in Sources */,
				5E08ADC329A16B10004510A6 /* ProfileViewController.swift in Sources */,
				5EB6218529AB60A400029FB8 /* ProfileInteractor.swift in Sources */,
				5EB6218D29AB6FE800029FB8 /* ChannelsListInteractor.swift in Sources */,
				5EDC6597299ECEAD009B6586 /* ChannelsListViewController.swift in Sources */,
				5E42B9D629C24FF700F472D1 /* MessageModel.swift in Sources */,
				5E92E9F429B72B9F0038EED2 /* ChannelPresenter.swift in Sources */,
				5E97BF3D29BE8542003BBA1B /* OutgoingConversationViewCell.swift in Sources */,
				5EDC6593299ECEAD009B6586 /* AppDelegate.swift in Sources */,
				5E42B9D829C2502900F472D1 /* ChannelModel.swift in Sources */,
				5E2C6D9929E89F5500D27C70 /* SameIncomingChannelViewCell.swift in Sources */,
				5E74BCB429A8DCA3009236A1 /* ChooseSourceAlertController.swift in Sources */,
				5E92E9F229B72B930038EED2 /* ChannelInteractor.swift in Sources */,
				5EB6218329AB609700029FB8 /* ProfilePresenter.swift in Sources */,
				5E058E4029EACF9900D470D0 /* MessageNetworkModel.swift in Sources */,
				5EB624B229C0CB44006D19B2 /* Theme.swift in Sources */,
				5E2033B829E17D1E0014B1CC /* CoreDataService.swift in Sources */,
				5E058E4229EACFA400D470D0 /* ChannelNetworkModel.swift in Sources */,
				5E2033BB29E17E940014B1CC /* Chat.xcdatamodeld in Sources */,
				5E97BF3029BCEB61003BBA1B /* ThemesViewController.swift in Sources */,
				5E92E9EF29B6939F0038EED2 /* ChannelViewController.swift in Sources */,
				5EB6218F29AB6FF100029FB8 /* ChannelsListPresenter.swift in Sources */,
				5E834B9129E61D2E006215AE /* Logger.swift in Sources */,
				5E74BCB629A8E438009236A1 /* PhotoPickerController.swift in Sources */,
				5E92E9E029B2A7570038EED2 /* Router.swift in Sources */,
				5E92E9F629B72C6E0038EED2 /* IncomingConversationViewCell.swift in Sources */,
				5E92E9E229B33C900038EED2 /* ModuleBuilder.swift in Sources */,
			);
			runOnlyForDeploymentPostprocessing = 0;
		};
/* End PBXSourcesBuildPhase section */

/* Begin PBXVariantGroup section */
		5EDC659D299ECEAE009B6586 /* LaunchScreen.storyboard */ = {
			isa = PBXVariantGroup;
			children = (
				5EDC659E299ECEAE009B6586 /* Base */,
			);
			name = LaunchScreen.storyboard;
			sourceTree = "<group>";
		};
/* End PBXVariantGroup section */

/* Begin XCBuildConfiguration section */
		5EDC65A1299ECEAE009B6586 /* Debug */ = {
			isa = XCBuildConfiguration;
			buildSettings = {
				ALWAYS_SEARCH_USER_PATHS = NO;
				CLANG_ANALYZER_NONNULL = YES;
				CLANG_ANALYZER_NUMBER_OBJECT_CONVERSION = YES_AGGRESSIVE;
				CLANG_CXX_LANGUAGE_STANDARD = "gnu++20";
				CLANG_ENABLE_MODULES = YES;
				CLANG_ENABLE_OBJC_ARC = YES;
				CLANG_ENABLE_OBJC_WEAK = YES;
				CLANG_WARN_BLOCK_CAPTURE_AUTORELEASING = YES;
				CLANG_WARN_BOOL_CONVERSION = YES;
				CLANG_WARN_COMMA = YES;
				CLANG_WARN_CONSTANT_CONVERSION = YES;
				CLANG_WARN_DEPRECATED_OBJC_IMPLEMENTATIONS = YES;
				CLANG_WARN_DIRECT_OBJC_ISA_USAGE = YES_ERROR;
				CLANG_WARN_DOCUMENTATION_COMMENTS = YES;
				CLANG_WARN_EMPTY_BODY = YES;
				CLANG_WARN_ENUM_CONVERSION = YES;
				CLANG_WARN_INFINITE_RECURSION = YES;
				CLANG_WARN_INT_CONVERSION = YES;
				CLANG_WARN_NON_LITERAL_NULL_CONVERSION = YES;
				CLANG_WARN_OBJC_IMPLICIT_RETAIN_SELF = YES;
				CLANG_WARN_OBJC_LITERAL_CONVERSION = YES;
				CLANG_WARN_OBJC_ROOT_CLASS = YES_ERROR;
				CLANG_WARN_QUOTED_INCLUDE_IN_FRAMEWORK_HEADER = YES;
				CLANG_WARN_RANGE_LOOP_ANALYSIS = YES;
				CLANG_WARN_STRICT_PROTOTYPES = YES;
				CLANG_WARN_SUSPICIOUS_MOVE = YES;
				CLANG_WARN_UNGUARDED_AVAILABILITY = YES_AGGRESSIVE;
				CLANG_WARN_UNREACHABLE_CODE = YES;
				CLANG_WARN__DUPLICATE_METHOD_MATCH = YES;
				COPY_PHASE_STRIP = NO;
				DEBUG_INFORMATION_FORMAT = dwarf;
				ENABLE_STRICT_OBJC_MSGSEND = YES;
				ENABLE_TESTABILITY = YES;
				GCC_C_LANGUAGE_STANDARD = gnu11;
				GCC_DYNAMIC_NO_PIC = NO;
				GCC_NO_COMMON_BLOCKS = YES;
				GCC_OPTIMIZATION_LEVEL = 0;
				GCC_PREPROCESSOR_DEFINITIONS = (
					"DEBUG=1",
					"$(inherited)",
				);
				GCC_WARN_64_TO_32_BIT_CONVERSION = YES;
				GCC_WARN_ABOUT_RETURN_TYPE = YES_ERROR;
				GCC_WARN_UNDECLARED_SELECTOR = YES;
				GCC_WARN_UNINITIALIZED_AUTOS = YES_AGGRESSIVE;
				GCC_WARN_UNUSED_FUNCTION = YES;
				GCC_WARN_UNUSED_VARIABLE = YES;
				INFOPLIST_KEY_UIMainStoryboardFile = "";
				IPHONEOS_DEPLOYMENT_TARGET = 14.0;
				MTL_ENABLE_DEBUG_INFO = INCLUDE_SOURCE;
				MTL_FAST_MATH = YES;
				ONLY_ACTIVE_ARCH = YES;
				SDKROOT = iphoneos;
				SWIFT_ACTIVE_COMPILATION_CONDITIONS = DEBUG;
				SWIFT_OPTIMIZATION_LEVEL = "-Onone";
			};
			name = Debug;
		};
		5EDC65A2299ECEAE009B6586 /* Release */ = {
			isa = XCBuildConfiguration;
			buildSettings = {
				ALWAYS_SEARCH_USER_PATHS = NO;
				CLANG_ANALYZER_NONNULL = YES;
				CLANG_ANALYZER_NUMBER_OBJECT_CONVERSION = YES_AGGRESSIVE;
				CLANG_CXX_LANGUAGE_STANDARD = "gnu++20";
				CLANG_ENABLE_MODULES = YES;
				CLANG_ENABLE_OBJC_ARC = YES;
				CLANG_ENABLE_OBJC_WEAK = YES;
				CLANG_WARN_BLOCK_CAPTURE_AUTORELEASING = YES;
				CLANG_WARN_BOOL_CONVERSION = YES;
				CLANG_WARN_COMMA = YES;
				CLANG_WARN_CONSTANT_CONVERSION = YES;
				CLANG_WARN_DEPRECATED_OBJC_IMPLEMENTATIONS = YES;
				CLANG_WARN_DIRECT_OBJC_ISA_USAGE = YES_ERROR;
				CLANG_WARN_DOCUMENTATION_COMMENTS = YES;
				CLANG_WARN_EMPTY_BODY = YES;
				CLANG_WARN_ENUM_CONVERSION = YES;
				CLANG_WARN_INFINITE_RECURSION = YES;
				CLANG_WARN_INT_CONVERSION = YES;
				CLANG_WARN_NON_LITERAL_NULL_CONVERSION = YES;
				CLANG_WARN_OBJC_IMPLICIT_RETAIN_SELF = YES;
				CLANG_WARN_OBJC_LITERAL_CONVERSION = YES;
				CLANG_WARN_OBJC_ROOT_CLASS = YES_ERROR;
				CLANG_WARN_QUOTED_INCLUDE_IN_FRAMEWORK_HEADER = YES;
				CLANG_WARN_RANGE_LOOP_ANALYSIS = YES;
				CLANG_WARN_STRICT_PROTOTYPES = YES;
				CLANG_WARN_SUSPICIOUS_MOVE = YES;
				CLANG_WARN_UNGUARDED_AVAILABILITY = YES_AGGRESSIVE;
				CLANG_WARN_UNREACHABLE_CODE = YES;
				CLANG_WARN__DUPLICATE_METHOD_MATCH = YES;
				COPY_PHASE_STRIP = NO;
				DEBUG_INFORMATION_FORMAT = "dwarf-with-dsym";
				ENABLE_NS_ASSERTIONS = NO;
				ENABLE_STRICT_OBJC_MSGSEND = YES;
				GCC_C_LANGUAGE_STANDARD = gnu11;
				GCC_NO_COMMON_BLOCKS = YES;
				GCC_WARN_64_TO_32_BIT_CONVERSION = YES;
				GCC_WARN_ABOUT_RETURN_TYPE = YES_ERROR;
				GCC_WARN_UNDECLARED_SELECTOR = YES;
				GCC_WARN_UNINITIALIZED_AUTOS = YES_AGGRESSIVE;
				GCC_WARN_UNUSED_FUNCTION = YES;
				GCC_WARN_UNUSED_VARIABLE = YES;
				INFOPLIST_KEY_UIMainStoryboardFile = "";
				IPHONEOS_DEPLOYMENT_TARGET = 14.0;
				MTL_ENABLE_DEBUG_INFO = NO;
				MTL_FAST_MATH = YES;
				SDKROOT = iphoneos;
				SWIFT_COMPILATION_MODE = wholemodule;
				SWIFT_OPTIMIZATION_LEVEL = "-O";
				VALIDATE_PRODUCT = YES;
			};
			name = Release;
		};
		5EDC65A4299ECEAE009B6586 /* Debug */ = {
			isa = XCBuildConfiguration;
			baseConfigurationReference = 4CE4628B252E8DEB6B3EB225 /* Pods-ChatTFS.debug.xcconfig */;
			buildSettings = {
				ASSETCATALOG_COMPILER_APPICON_NAME = AppIcon;
				ASSETCATALOG_COMPILER_GLOBAL_ACCENT_COLOR_NAME = AccentColor;
				CODE_SIGN_STYLE = Automatic;
				CURRENT_PROJECT_VERSION = 1;
				DEVELOPMENT_TEAM = 44J3T4A266;
				GENERATE_INFOPLIST_FILE = YES;
				INFOPLIST_FILE = ChatTFS/Resources/Info.plist;
				INFOPLIST_KEY_NSCameraUsageDescription = "$(PRODUCT_NAME) camera use";
				INFOPLIST_KEY_NSPhotoLibraryUsageDescription = "$(PRODUCT_NAME) photo use";
				INFOPLIST_KEY_UIApplicationSupportsIndirectInputEvents = YES;
				INFOPLIST_KEY_UILaunchStoryboardName = LaunchScreen;
				INFOPLIST_KEY_UIMainStoryboardFile = "";
				INFOPLIST_KEY_UISupportedInterfaceOrientations = UIInterfaceOrientationPortrait;
				LD_RUNPATH_SEARCH_PATHS = (
					"$(inherited)",
					"@executable_path/Frameworks",
				);
				MARKETING_VERSION = 1.0;
				PRODUCT_BUNDLE_IDENTIFIER = Grilyuk.ChatTFS;
				PRODUCT_NAME = "$(TARGET_NAME)";
				SUPPORTED_PLATFORMS = "iphoneos iphonesimulator";
				SUPPORTS_MACCATALYST = NO;
				SUPPORTS_MAC_DESIGNED_FOR_IPHONE_IPAD = NO;
				SWIFT_EMIT_LOC_STRINGS = YES;
				SWIFT_VERSION = 5.0;
				TARGETED_DEVICE_FAMILY = 1;
			};
			name = Debug;
		};
		5EDC65A5299ECEAE009B6586 /* Release */ = {
			isa = XCBuildConfiguration;
			baseConfigurationReference = 4BB014E7FA9EFDF47E2C004A /* Pods-ChatTFS.release.xcconfig */;
			buildSettings = {
				ASSETCATALOG_COMPILER_APPICON_NAME = AppIcon;
				ASSETCATALOG_COMPILER_GLOBAL_ACCENT_COLOR_NAME = AccentColor;
				CODE_SIGN_STYLE = Automatic;
				CURRENT_PROJECT_VERSION = 1;
				DEVELOPMENT_TEAM = 44J3T4A266;
				GENERATE_INFOPLIST_FILE = YES;
				INFOPLIST_FILE = ChatTFS/Resources/Info.plist;
				INFOPLIST_KEY_NSCameraUsageDescription = "$(PRODUCT_NAME) camera use";
				INFOPLIST_KEY_NSPhotoLibraryUsageDescription = "$(PRODUCT_NAME) photo use";
				INFOPLIST_KEY_UIApplicationSupportsIndirectInputEvents = YES;
				INFOPLIST_KEY_UILaunchStoryboardName = LaunchScreen;
				INFOPLIST_KEY_UIMainStoryboardFile = "";
				INFOPLIST_KEY_UISupportedInterfaceOrientations = UIInterfaceOrientationPortrait;
				LD_RUNPATH_SEARCH_PATHS = (
					"$(inherited)",
					"@executable_path/Frameworks",
				);
				MARKETING_VERSION = 1.0;
				PRODUCT_BUNDLE_IDENTIFIER = Grilyuk.ChatTFS;
				PRODUCT_NAME = "$(TARGET_NAME)";
				SUPPORTED_PLATFORMS = "iphoneos iphonesimulator";
				SUPPORTS_MACCATALYST = NO;
				SUPPORTS_MAC_DESIGNED_FOR_IPHONE_IPAD = NO;
				SWIFT_EMIT_LOC_STRINGS = YES;
				SWIFT_VERSION = 5.0;
				TARGETED_DEVICE_FAMILY = 1;
			};
			name = Release;
		};
/* End XCBuildConfiguration section */

/* Begin XCConfigurationList section */
		5EDC658A299ECEAD009B6586 /* Build configuration list for PBXProject "ChatTFS" */ = {
			isa = XCConfigurationList;
			buildConfigurations = (
				5EDC65A1299ECEAE009B6586 /* Debug */,
				5EDC65A2299ECEAE009B6586 /* Release */,
			);
			defaultConfigurationIsVisible = 0;
			defaultConfigurationName = Release;
		};
		5EDC65A3299ECEAE009B6586 /* Build configuration list for PBXNativeTarget "ChatTFS" */ = {
			isa = XCConfigurationList;
			buildConfigurations = (
				5EDC65A4299ECEAE009B6586 /* Debug */,
				5EDC65A5299ECEAE009B6586 /* Release */,
			);
			defaultConfigurationIsVisible = 0;
			defaultConfigurationName = Release;
		};
/* End XCConfigurationList section */

/* Begin XCVersionGroup section */
		5E2033B929E17E940014B1CC /* Chat.xcdatamodeld */ = {
			isa = XCVersionGroup;
			children = (
				5E2033BA29E17E940014B1CC /* Chat.xcdatamodel */,
			);
			currentVersion = 5E2033BA29E17E940014B1CC /* Chat.xcdatamodel */;
			path = Chat.xcdatamodeld;
			sourceTree = "<group>";
			versionGroupType = wrapper.xcdatamodel;
		};
/* End XCVersionGroup section */
	};
	rootObject = 5EDC6587299ECEAD009B6586 /* Project object */;
}
